// !$*UTF8*$!
{
	archiveVersion = 1;
	classes = {
	};
	objectVersion = 48;
	objects = {

/* Begin PBXBuildFile section */
		E274F317D2B44512D10D7B1C /* Pods_OrganisePrototype03.framework in Frameworks */ = {isa = PBXBuildFile; fileRef = 92C5DE2A310BFC75BAFE3F9C /* Pods_OrganisePrototype03.framework */; };
		E3216A281FBBBD9900D54D20 /* GoogleService-Info.plist in Resources */ = {isa = PBXBuildFile; fileRef = E3216A271FBBBD9900D54D20 /* GoogleService-Info.plist */; };
		E3216A2A1FBBC0C300D54D20 /* SignUpLoginViewController.swift in Sources */ = {isa = PBXBuildFile; fileRef = E3216A291FBBC0C300D54D20 /* SignUpLoginViewController.swift */; };
		E326C7B51FB1DD0B00B72499 /* AppDelegate.swift in Sources */ = {isa = PBXBuildFile; fileRef = E326C7B41FB1DD0B00B72499 /* AppDelegate.swift */; };
		E326C7B71FB1DD0B00B72499 /* ViewController.swift in Sources */ = {isa = PBXBuildFile; fileRef = E326C7B61FB1DD0B00B72499 /* ViewController.swift */; };
		E326C7BA1FB1DD0B00B72499 /* Main.storyboard in Resources */ = {isa = PBXBuildFile; fileRef = E326C7B81FB1DD0B00B72499 /* Main.storyboard */; };
		E326C7BD1FB1DD0B00B72499 /* OrganisePrototype03.xcdatamodeld in Sources */ = {isa = PBXBuildFile; fileRef = E326C7BB1FB1DD0B00B72499 /* OrganisePrototype03.xcdatamodeld */; };
		E326C7BF1FB1DD0B00B72499 /* Assets.xcassets in Resources */ = {isa = PBXBuildFile; fileRef = E326C7BE1FB1DD0B00B72499 /* Assets.xcassets */; };
		E326C7C21FB1DD0B00B72499 /* LaunchScreen.storyboard in Resources */ = {isa = PBXBuildFile; fileRef = E326C7C01FB1DD0B00B72499 /* LaunchScreen.storyboard */; };
		E3E6D2A31FC0816700F9F4A9 /* AddTaskViewController.swift in Sources */ = {isa = PBXBuildFile; fileRef = E3E6D2A21FC0816700F9F4A9 /* AddTaskViewController.swift */; };
/* End PBXBuildFile section */

/* Begin PBXFileReference section */
		0E2AF1B7DFB5C2B20DA32BA5 /* Pods-OrganisePrototype03.release.xcconfig */ = {isa = PBXFileReference; includeInIndex = 1; lastKnownFileType = text.xcconfig; name = "Pods-OrganisePrototype03.release.xcconfig"; path = "Pods/Target Support Files/Pods-OrganisePrototype03/Pods-OrganisePrototype03.release.xcconfig"; sourceTree = "<group>"; };
		4F54D6071301B59FF89699EC /* Pods-OrganisePrototype03.debug.xcconfig */ = {isa = PBXFileReference; includeInIndex = 1; lastKnownFileType = text.xcconfig; name = "Pods-OrganisePrototype03.debug.xcconfig"; path = "Pods/Target Support Files/Pods-OrganisePrototype03/Pods-OrganisePrototype03.debug.xcconfig"; sourceTree = "<group>"; };
		92C5DE2A310BFC75BAFE3F9C /* Pods_OrganisePrototype03.framework */ = {isa = PBXFileReference; explicitFileType = wrapper.framework; includeInIndex = 0; path = Pods_OrganisePrototype03.framework; sourceTree = BUILT_PRODUCTS_DIR; };
		E3216A271FBBBD9900D54D20 /* GoogleService-Info.plist */ = {isa = PBXFileReference; fileEncoding = 4; lastKnownFileType = text.plist.xml; name = "GoogleService-Info.plist"; path = "../../../../../Downloads/GoogleService-Info.plist"; sourceTree = "<group>"; };
		E3216A291FBBC0C300D54D20 /* SignUpLoginViewController.swift */ = {isa = PBXFileReference; lastKnownFileType = sourcecode.swift; path = SignUpLoginViewController.swift; sourceTree = "<group>"; };
		E326C7B11FB1DD0B00B72499 /* OrganisePrototype03.app */ = {isa = PBXFileReference; explicitFileType = wrapper.application; includeInIndex = 0; path = OrganisePrototype03.app; sourceTree = BUILT_PRODUCTS_DIR; };
		E326C7B41FB1DD0B00B72499 /* AppDelegate.swift */ = {isa = PBXFileReference; lastKnownFileType = sourcecode.swift; path = AppDelegate.swift; sourceTree = "<group>"; };
		E326C7B61FB1DD0B00B72499 /* ViewController.swift */ = {isa = PBXFileReference; lastKnownFileType = sourcecode.swift; path = ViewController.swift; sourceTree = "<group>"; };
		E326C7B91FB1DD0B00B72499 /* Base */ = {isa = PBXFileReference; lastKnownFileType = file.storyboard; name = Base; path = Base.lproj/Main.storyboard; sourceTree = "<group>"; };
		E326C7BC1FB1DD0B00B72499 /* OrganisePrototype03.xcdatamodel */ = {isa = PBXFileReference; lastKnownFileType = wrapper.xcdatamodel; path = OrganisePrototype03.xcdatamodel; sourceTree = "<group>"; };
		E326C7BE1FB1DD0B00B72499 /* Assets.xcassets */ = {isa = PBXFileReference; lastKnownFileType = folder.assetcatalog; path = Assets.xcassets; sourceTree = "<group>"; };
		E326C7C11FB1DD0B00B72499 /* Base */ = {isa = PBXFileReference; lastKnownFileType = file.storyboard; name = Base; path = Base.lproj/LaunchScreen.storyboard; sourceTree = "<group>"; };
		E326C7C31FB1DD0B00B72499 /* Info.plist */ = {isa = PBXFileReference; lastKnownFileType = text.plist.xml; path = Info.plist; sourceTree = "<group>"; };
		E3E6D2A21FC0816700F9F4A9 /* AddTaskViewController.swift */ = {isa = PBXFileReference; lastKnownFileType = sourcecode.swift; path = AddTaskViewController.swift; sourceTree = "<group>"; };
/* End PBXFileReference section */

/* Begin PBXFrameworksBuildPhase section */
		E326C7AE1FB1DD0B00B72499 /* Frameworks */ = {
			isa = PBXFrameworksBuildPhase;
			buildActionMask = 2147483647;
			files = (
				E274F317D2B44512D10D7B1C /* Pods_OrganisePrototype03.framework in Frameworks */,
			);
			runOnlyForDeploymentPostprocessing = 0;
		};
/* End PBXFrameworksBuildPhase section */

/* Begin PBXGroup section */
		3D917564EDE7DA2DC1B423C5 /* Frameworks */ = {
			isa = PBXGroup;
			children = (
				92C5DE2A310BFC75BAFE3F9C /* Pods_OrganisePrototype03.framework */,
			);
			name = Frameworks;
			sourceTree = "<group>";
		};
		E326C7A81FB1DD0B00B72499 = {
			isa = PBXGroup;
			children = (
				E326C7B31FB1DD0B00B72499 /* OrganisePrototype03 */,
				E326C7B21FB1DD0B00B72499 /* Products */,
				F0E42BB52121A516619FC453 /* Pods */,
				3D917564EDE7DA2DC1B423C5 /* Frameworks */,
			);
			sourceTree = "<group>";
		};
		E326C7B21FB1DD0B00B72499 /* Products */ = {
			isa = PBXGroup;
			children = (
				E326C7B11FB1DD0B00B72499 /* OrganisePrototype03.app */,
			);
			name = Products;
			sourceTree = "<group>";
		};
		E326C7B31FB1DD0B00B72499 /* OrganisePrototype03 */ = {
			isa = PBXGroup;
			children = (
				E326C7B41FB1DD0B00B72499 /* AppDelegate.swift */,
				E3E6D2A11FC0773600F9F4A9 /* ViewControllers */,
				E326C7B81FB1DD0B00B72499 /* Main.storyboard */,
				E326C7BE1FB1DD0B00B72499 /* Assets.xcassets */,
				E326C7C01FB1DD0B00B72499 /* LaunchScreen.storyboard */,
				E326C7C31FB1DD0B00B72499 /* Info.plist */,
				E3216A271FBBBD9900D54D20 /* GoogleService-Info.plist */,
				E326C7BB1FB1DD0B00B72499 /* OrganisePrototype03.xcdatamodeld */,
			);
			path = OrganisePrototype03;
			sourceTree = "<group>";
		};
		E3E6D2A11FC0773600F9F4A9 /* ViewControllers */ = {
			isa = PBXGroup;
			children = (
				E326C7B61FB1DD0B00B72499 /* ViewController.swift */,
				E3216A291FBBC0C300D54D20 /* SignUpLoginViewController.swift */,
				E3E6D2A21FC0816700F9F4A9 /* AddTaskViewController.swift */,
			);
			path = ViewControllers;
			sourceTree = "<group>";
		};
		F0E42BB52121A516619FC453 /* Pods */ = {
			isa = PBXGroup;
			children = (
				4F54D6071301B59FF89699EC /* Pods-OrganisePrototype03.debug.xcconfig */,
				0E2AF1B7DFB5C2B20DA32BA5 /* Pods-OrganisePrototype03.release.xcconfig */,
			);
			name = Pods;
			sourceTree = "<group>";
		};
/* End PBXGroup section */

/* Begin PBXNativeTarget section */
		E326C7B01FB1DD0B00B72499 /* OrganisePrototype03 */ = {
			isa = PBXNativeTarget;
			buildConfigurationList = E326C7C61FB1DD0B00B72499 /* Build configuration list for PBXNativeTarget "OrganisePrototype03" */;
			buildPhases = (
				8F5029A12F1C1985BCC861EA /* [CP] Check Pods Manifest.lock */,
				E326C7AD1FB1DD0B00B72499 /* Sources */,
				E326C7AE1FB1DD0B00B72499 /* Frameworks */,
				E326C7AF1FB1DD0B00B72499 /* Resources */,
				87ADE31D995E3D611A0A2C53 /* [CP] Embed Pods Frameworks */,
				ED607405342C9B684689B939 /* [CP] Copy Pods Resources */,
			);
			buildRules = (
			);
			dependencies = (
			);
			name = OrganisePrototype03;
			productName = OrganisePrototype03;
			productReference = E326C7B11FB1DD0B00B72499 /* OrganisePrototype03.app */;
			productType = "com.apple.product-type.application";
		};
/* End PBXNativeTarget section */

/* Begin PBXProject section */
		E326C7A91FB1DD0B00B72499 /* Project object */ = {
			isa = PBXProject;
			attributes = {
				LastSwiftUpdateCheck = 0900;
				LastUpgradeCheck = 0900;
				ORGANIZATIONNAME = "Thomas Houghton";
				TargetAttributes = {
					E326C7B01FB1DD0B00B72499 = {
						CreatedOnToolsVersion = 9.0;
						ProvisioningStyle = Automatic;
					};
				};
			};
			buildConfigurationList = E326C7AC1FB1DD0B00B72499 /* Build configuration list for PBXProject "OrganisePrototype03" */;
			compatibilityVersion = "Xcode 8.0";
			developmentRegion = en;
			hasScannedForEncodings = 0;
			knownRegions = (
				en,
				Base,
			);
			mainGroup = E326C7A81FB1DD0B00B72499;
			productRefGroup = E326C7B21FB1DD0B00B72499 /* Products */;
			projectDirPath = "";
			projectRoot = "";
			targets = (
				E326C7B01FB1DD0B00B72499 /* OrganisePrototype03 */,
			);
		};
/* End PBXProject section */

/* Begin PBXResourcesBuildPhase section */
		E326C7AF1FB1DD0B00B72499 /* Resources */ = {
			isa = PBXResourcesBuildPhase;
			buildActionMask = 2147483647;
			files = (
				E326C7C21FB1DD0B00B72499 /* LaunchScreen.storyboard in Resources */,
				E3216A281FBBBD9900D54D20 /* GoogleService-Info.plist in Resources */,
				E326C7BF1FB1DD0B00B72499 /* Assets.xcassets in Resources */,
				E326C7BA1FB1DD0B00B72499 /* Main.storyboard in Resources */,
			);
			runOnlyForDeploymentPostprocessing = 0;
		};
/* End PBXResourcesBuildPhase section */

/* Begin PBXShellScriptBuildPhase section */
		87ADE31D995E3D611A0A2C53 /* [CP] Embed Pods Frameworks */ = {
			isa = PBXShellScriptBuildPhase;
			buildActionMask = 2147483647;
			files = (
			);
			inputPaths = (
				"${SRCROOT}/Pods/Target Support Files/Pods-OrganisePrototype03/Pods-OrganisePrototype03-frameworks.sh",
				"${BUILT_PRODUCTS_DIR}/GTMSessionFetcher/GTMSessionFetcher.framework",
				"${BUILT_PRODUCTS_DIR}/GoogleToolboxForMac/GoogleToolboxForMac.framework",
			);
			name = "[CP] Embed Pods Frameworks";
			outputPaths = (
				"${TARGET_BUILD_DIR}/${FRAMEWORKS_FOLDER_PATH}/GTMSessionFetcher.framework",
				"${TARGET_BUILD_DIR}/${FRAMEWORKS_FOLDER_PATH}/GoogleToolboxForMac.framework",
			);
			runOnlyForDeploymentPostprocessing = 0;
			shellPath = /bin/sh;
			shellScript = "\"${SRCROOT}/Pods/Target Support Files/Pods-OrganisePrototype03/Pods-OrganisePrototype03-frameworks.sh\"\n";
			showEnvVarsInLog = 0;
		};
		8F5029A12F1C1985BCC861EA /* [CP] Check Pods Manifest.lock */ = {
			isa = PBXShellScriptBuildPhase;
			buildActionMask = 2147483647;
			files = (
			);
			inputPaths = (
				"${PODS_PODFILE_DIR_PATH}/Podfile.lock",
				"${PODS_ROOT}/Manifest.lock",
			);
			name = "[CP] Check Pods Manifest.lock";
			outputPaths = (
				"$(DERIVED_FILE_DIR)/Pods-OrganisePrototype03-checkManifestLockResult.txt",
			);
			runOnlyForDeploymentPostprocessing = 0;
			shellPath = /bin/sh;
			shellScript = "diff \"${PODS_PODFILE_DIR_PATH}/Podfile.lock\" \"${PODS_ROOT}/Manifest.lock\" > /dev/null\nif [ $? != 0 ] ; then\n    # print error to STDERR\n    echo \"error: The sandbox is not in sync with the Podfile.lock. Run 'pod install' or update your CocoaPods installation.\" >&2\n    exit 1\nfi\n# This output is used by Xcode 'outputs' to avoid re-running this script phase.\necho \"SUCCESS\" > \"${SCRIPT_OUTPUT_FILE_0}\"\n";
			showEnvVarsInLog = 0;
		};
		ED607405342C9B684689B939 /* [CP] Copy Pods Resources */ = {
			isa = PBXShellScriptBuildPhase;
			buildActionMask = 2147483647;
			files = (
			);
			inputPaths = (
			);
			name = "[CP] Copy Pods Resources";
			outputPaths = (
			);
			runOnlyForDeploymentPostprocessing = 0;
			shellPath = /bin/sh;
			shellScript = "\"${SRCROOT}/Pods/Target Support Files/Pods-OrganisePrototype03/Pods-OrganisePrototype03-resources.sh\"\n";
			showEnvVarsInLog = 0;
		};
/* End PBXShellScriptBuildPhase section */

/* Begin PBXSourcesBuildPhase section */
		E326C7AD1FB1DD0B00B72499 /* Sources */ = {
			isa = PBXSourcesBuildPhase;
			buildActionMask = 2147483647;
			files = (
				E3216A2A1FBBC0C300D54D20 /* SignUpLoginViewController.swift in Sources */,
				E326C7BD1FB1DD0B00B72499 /* OrganisePrototype03.xcdatamodeld in Sources */,
				E326C7B71FB1DD0B00B72499 /* ViewController.swift in Sources */,
				E326C7B51FB1DD0B00B72499 /* AppDelegate.swift in Sources */,
				E3E6D2A31FC0816700F9F4A9 /* AddTaskViewController.swift in Sources */,
			);
			runOnlyForDeploymentPostprocessing = 0;
		};
/* End PBXSourcesBuildPhase section */

/* Begin PBXVariantGroup section */
		E326C7B81FB1DD0B00B72499 /* Main.storyboard */ = {
			isa = PBXVariantGroup;
			children = (
				E326C7B91FB1DD0B00B72499 /* Base */,
			);
			name = Main.storyboard;
			sourceTree = "<group>";
		};
		E326C7C01FB1DD0B00B72499 /* LaunchScreen.storyboard */ = {
			isa = PBXVariantGroup;
			children = (
				E326C7C11FB1DD0B00B72499 /* Base */,
			);
			name = LaunchScreen.storyboard;
			sourceTree = "<group>";
		};
/* End PBXVariantGroup section */

/* Begin XCBuildConfiguration section */
		E326C7C41FB1DD0B00B72499 /* Debug */ = {
			isa = XCBuildConfiguration;
			buildSettings = {
				ALWAYS_SEARCH_USER_PATHS = NO;
				CLANG_ANALYZER_NONNULL = YES;
				CLANG_ANALYZER_NUMBER_OBJECT_CONVERSION = YES_AGGRESSIVE;
				CLANG_CXX_LANGUAGE_STANDARD = "gnu++14";
				CLANG_CXX_LIBRARY = "libc++";
				CLANG_ENABLE_MODULES = YES;
				CLANG_ENABLE_OBJC_ARC = YES;
				CLANG_WARN_BLOCK_CAPTURE_AUTORELEASING = YES;
				CLANG_WARN_BOOL_CONVERSION = YES;
				CLANG_WARN_COMMA = YES;
				CLANG_WARN_CONSTANT_CONVERSION = YES;
				CLANG_WARN_DIRECT_OBJC_ISA_USAGE = YES_ERROR;
				CLANG_WARN_DOCUMENTATION_COMMENTS = YES;
				CLANG_WARN_EMPTY_BODY = YES;
				CLANG_WARN_ENUM_CONVERSION = YES;
				CLANG_WARN_INFINITE_RECURSION = YES;
				CLANG_WARN_INT_CONVERSION = YES;
				CLANG_WARN_NON_LITERAL_NULL_CONVERSION = YES;
				CLANG_WARN_OBJC_LITERAL_CONVERSION = YES;
				CLANG_WARN_OBJC_ROOT_CLASS = YES_ERROR;
				CLANG_WARN_RANGE_LOOP_ANALYSIS = YES;
				CLANG_WARN_STRICT_PROTOTYPES = YES;
				CLANG_WARN_SUSPICIOUS_MOVE = YES;
				CLANG_WARN_UNGUARDED_AVAILABILITY = YES_AGGRESSIVE;
				CLANG_WARN_UNREACHABLE_CODE = YES;
				CLANG_WARN__DUPLICATE_METHOD_MATCH = YES;
				CODE_SIGN_IDENTITY = "iPhone Developer";
				COPY_PHASE_STRIP = NO;
				DEBUG_INFORMATION_FORMAT = dwarf;
				ENABLE_STRICT_OBJC_MSGSEND = YES;
				ENABLE_TESTABILITY = YES;
				GCC_C_LANGUAGE_STANDARD = gnu11;
				GCC_DYNAMIC_NO_PIC = NO;
				GCC_NO_COMMON_BLOCKS = YES;
				GCC_OPTIMIZATION_LEVEL = 0;
				GCC_PREPROCESSOR_DEFINITIONS = (
					"DEBUG=1",
					"$(inherited)",
				);
				GCC_WARN_64_TO_32_BIT_CONVERSION = YES;
				GCC_WARN_ABOUT_RETURN_TYPE = YES_ERROR;
				GCC_WARN_UNDECLARED_SELECTOR = YES;
				GCC_WARN_UNINITIALIZED_AUTOS = YES_AGGRESSIVE;
				GCC_WARN_UNUSED_FUNCTION = YES;
				GCC_WARN_UNUSED_VARIABLE = YES;
				IPHONEOS_DEPLOYMENT_TARGET = 11.0;
				MTL_ENABLE_DEBUG_INFO = YES;
				ONLY_ACTIVE_ARCH = YES;
				SDKROOT = iphoneos;
				SWIFT_ACTIVE_COMPILATION_CONDITIONS = DEBUG;
				SWIFT_OPTIMIZATION_LEVEL = "-Onone";
			};
			name = Debug;
		};
		E326C7C51FB1DD0B00B72499 /* Release */ = {
			isa = XCBuildConfiguration;
			buildSettings = {
				ALWAYS_SEARCH_USER_PATHS = NO;
				CLANG_ANALYZER_NONNULL = YES;
				CLANG_ANALYZER_NUMBER_OBJECT_CONVERSION = YES_AGGRESSIVE;
				CLANG_CXX_LANGUAGE_STANDARD = "gnu++14";
				CLANG_CXX_LIBRARY = "libc++";
				CLANG_ENABLE_MODULES = YES;
				CLANG_ENABLE_OBJC_ARC = YES;
				CLANG_WARN_BLOCK_CAPTURE_AUTORELEASING = YES;
				CLANG_WARN_BOOL_CONVERSION = YES;
				CLANG_WARN_COMMA = YES;
				CLANG_WARN_CONSTANT_CONVERSION = YES;
				CLANG_WARN_DIRECT_OBJC_ISA_USAGE = YES_ERROR;
				CLANG_WARN_DOCUMENTATION_COMMENTS = YES;
				CLANG_WARN_EMPTY_BODY = YES;
				CLANG_WARN_ENUM_CONVERSION = YES;
				CLANG_WARN_INFINITE_RECURSION = YES;
				CLANG_WARN_INT_CONVERSION = YES;
				CLANG_WARN_NON_LITERAL_NULL_CONVERSION = YES;
				CLANG_WARN_OBJC_LITERAL_CONVERSION = YES;
				CLANG_WARN_OBJC_ROOT_CLASS = YES_ERROR;
				CLANG_WARN_RANGE_LOOP_ANALYSIS = YES;
				CLANG_WARN_STRICT_PROTOTYPES = YES;
				CLANG_WARN_SUSPICIOUS_MOVE = YES;
				CLANG_WARN_UNGUARDED_AVAILABILITY = YES_AGGRESSIVE;
				CLANG_WARN_UNREACHABLE_CODE = YES;
				CLANG_WARN__DUPLICATE_METHOD_MATCH = YES;
				CODE_SIGN_IDENTITY = "iPhone Developer";
				COPY_PHASE_STRIP = NO;
				DEBUG_INFORMATION_FORMAT = "dwarf-with-dsym";
				ENABLE_NS_ASSERTIONS = NO;
				ENABLE_STRICT_OBJC_MSGSEND = YES;
				GCC_C_LANGUAGE_STANDARD = gnu11;
				GCC_NO_COMMON_BLOCKS = YES;
				GCC_WARN_64_TO_32_BIT_CONVERSION = YES;
				GCC_WARN_ABOUT_RETURN_TYPE = YES_ERROR;
				GCC_WARN_UNDECLARED_SELECTOR = YES;
				GCC_WARN_UNINITIALIZED_AUTOS = YES_AGGRESSIVE;
				GCC_WARN_UNUSED_FUNCTION = YES;
				GCC_WARN_UNUSED_VARIABLE = YES;
				IPHONEOS_DEPLOYMENT_TARGET = 11.0;
				MTL_ENABLE_DEBUG_INFO = NO;
				SDKROOT = iphoneos;
				SWIFT_OPTIMIZATION_LEVEL = "-Owholemodule";
				VALIDATE_PRODUCT = YES;
			};
			name = Release;
		};
		E326C7C71FB1DD0B00B72499 /* Debug */ = {
			isa = XCBuildConfiguration;
			baseConfigurationReference = 4F54D6071301B59FF89699EC /* Pods-OrganisePrototype03.debug.xcconfig */;
			buildSettings = {
				ASSETCATALOG_COMPILER_APPICON_NAME = AppIcon;
				CODE_SIGN_STYLE = Automatic;
				DEVELOPMENT_TEAM = V93YKG2RBT;
				INFOPLIST_FILE = OrganisePrototype03/Info.plist;
				LD_RUNPATH_SEARCH_PATHS = "$(inherited) @executable_path/Frameworks";
				PRODUCT_BUNDLE_IDENTIFIER = Tom.OrganisePrototype03;
				PRODUCT_NAME = "$(TARGET_NAME)";
				SWIFT_VERSION = 4.0;
				TARGETED_DEVICE_FAMILY = "1,2";
			};
			name = Debug;
		};
		E326C7C81FB1DD0B00B72499 /* Release */ = {
			isa = XCBuildConfiguration;
			baseConfigurationReference = 0E2AF1B7DFB5C2B20DA32BA5 /* Pods-OrganisePrototype03.release.xcconfig */;
			buildSettings = {
				ASSETCATALOG_COMPILER_APPICON_NAME = AppIcon;
				CODE_SIGN_STYLE = Automatic;
				DEVELOPMENT_TEAM = V93YKG2RBT;
				INFOPLIST_FILE = OrganisePrototype03/Info.plist;
				LD_RUNPATH_SEARCH_PATHS = "$(inherited) @executable_path/Frameworks";
				PRODUCT_BUNDLE_IDENTIFIER = Tom.OrganisePrototype03;
				PRODUCT_NAME = "$(TARGET_NAME)";
				SWIFT_VERSION = 4.0;
				TARGETED_DEVICE_FAMILY = "1,2";
			};
			name = Release;
		};
/* End XCBuildConfiguration section */

/* Begin XCConfigurationList section */
		E326C7AC1FB1DD0B00B72499 /* Build configuration list for PBXProject "OrganisePrototype03" */ = {
			isa = XCConfigurationList;
			buildConfigurations = (
				E326C7C41FB1DD0B00B72499 /* Debug */,
				E326C7C51FB1DD0B00B72499 /* Release */,
			);
			defaultConfigurationIsVisible = 0;
			defaultConfigurationName = Release;
		};
		E326C7C61FB1DD0B00B72499 /* Build configuration list for PBXNativeTarget "OrganisePrototype03" */ = {
			isa = XCConfigurationList;
			buildConfigurations = (
				E326C7C71FB1DD0B00B72499 /* Debug */,
				E326C7C81FB1DD0B00B72499 /* Release */,
			);
			defaultConfigurationIsVisible = 0;
			defaultConfigurationName = Release;
		};
/* End XCConfigurationList section */

/* Begin XCVersionGroup section */
		E326C7BB1FB1DD0B00B72499 /* OrganisePrototype03.xcdatamodeld */ = {
			isa = XCVersionGroup;
			children = (
				E326C7BC1FB1DD0B00B72499 /* OrganisePrototype03.xcdatamodel */,
			);
			currentVersion = E326C7BC1FB1DD0B00B72499 /* OrganisePrototype03.xcdatamodel */;
			path = OrganisePrototype03.xcdatamodeld;
			sourceTree = "<group>";
			versionGroupType = wrapper.xcdatamodel;
		};
/* End XCVersionGroup section */
	};
	rootObject = E326C7A91FB1DD0B00B72499 /* Project object */;
}
